
Microsoft Visual Studio Solution File, Format Version 12.00
# Visual Studio Version 17
VisualStudioVersion = 17.14.36127.28 d17.14
MinimumVisualStudioVersion = 10.0.40219.1
Project("{FAE04EC0-301F-11D3-BF4B-00C04F79EFBC}") = "Hata Yönetimi1", "Hata Yönetimi1\Hata Yönetimi1.csproj", "{E76C66CD-B4FD-4EC5-B3C0-A4644400521A}"
EndProject
Global
	GlobalSection(SolutionConfigurationPlatforms) = preSolution
		Debug|Any CPU = Debug|Any CPU
		Release|Any CPU = Release|Any CPU
	EndGlobalSection
	GlobalSection(ProjectConfigurationPlatforms) = postSolution
		{E76C66CD-B4FD-4EC5-B3C0-A4644400521A}.Debug|Any CPU.ActiveCfg = Debug|Any CPU
		{E76C66CD-B4FD-4EC5-B3C0-A4644400521A}.Debug|Any CPU.Build.0 = Debug|Any CPU
		{E76C66CD-B4FD-4EC5-B3C0-A4644400521A}.Release|Any CPU.ActiveCfg = Release|Any CPU
		{E76C66CD-B4FD-4EC5-B3C0-A4644400521A}.Release|Any CPU.Build.0 = Release|Any CPU
	EndGlobalSection
	GlobalSection(SolutionProperties) = preSolution
		HideSolutionNode = FALSE
	EndGlobalSection
	GlobalSection(ExtensibilityGlobals) = postSolution
		SolutionGuid = {7BF7A855-AD41-402B-8083-42C835606C10}
	EndGlobalSection
EndGlobal
